
Microsoft Visual Studio Solution File, Format Version 12.00
# Visual Studio Version 17
VisualStudioVersion = 17.0.31903.59
MinimumVisualStudioVersion = 10.0.40219.1
Project("{2150E333-8FDC-42A3-9474-1A3956D46DE8}") = "src", "src", "{C4995B5D-FBEE-483E-AADA-06154F7DFB56}"
EndProject
Project("{FAE04EC0-301F-11D3-BF4B-00C04F79EFBC}") = "AuctionService", "src\AuctionService\AuctionService.csproj", "{370C566E-D791-4112-B041-86586AD39158}"
EndProject
Project("{FAE04EC0-301F-11D3-BF4B-00C04F79EFBC}") = "SearchService", "src\SearchService\SearchService.csproj", "{496C8568-0AFF-43C1-921F-B2CDD903694D}"
EndProject
Project("{FAE04EC0-301F-11D3-BF4B-00C04F79EFBC}") = "Contracts", "src\Contracts\Contracts.csproj", "{7D0E7FF8-E7B2-4C7E-A563-7ED864C06563}"
EndProject
Project("{FAE04EC0-301F-11D3-BF4B-00C04F79EFBC}") = "IdentityService", "src\IdentityService\IdentityService.csproj", "{0B2F25F8-8093-4D46-ACFC-A80D59548E19}"
EndProject
Project("{FAE04EC0-301F-11D3-BF4B-00C04F79EFBC}") = "GatewayService", "src\GatewayService\GatewayService.csproj", "{4FC59138-8A3B-41BB-9B65-77C388AFBDEA}"
EndProject
Global
	GlobalSection(SolutionConfigurationPlatforms) = preSolution
		Debug|Any CPU = Debug|Any CPU
		Release|Any CPU = Release|Any CPU
	EndGlobalSection
	GlobalSection(SolutionProperties) = preSolution
		HideSolutionNode = FALSE
	EndGlobalSection
	GlobalSection(ProjectConfigurationPlatforms) = postSolution
		{370C566E-D791-4112-B041-86586AD39158}.Debug|Any CPU.ActiveCfg = Debug|Any CPU
		{370C566E-D791-4112-B041-86586AD39158}.Debug|Any CPU.Build.0 = Debug|Any CPU
		{370C566E-D791-4112-B041-86586AD39158}.Release|Any CPU.ActiveCfg = Release|Any CPU
		{370C566E-D791-4112-B041-86586AD39158}.Release|Any CPU.Build.0 = Release|Any CPU
		{496C8568-0AFF-43C1-921F-B2CDD903694D}.Debug|Any CPU.ActiveCfg = Debug|Any CPU
		{496C8568-0AFF-43C1-921F-B2CDD903694D}.Debug|Any CPU.Build.0 = Debug|Any CPU
		{496C8568-0AFF-43C1-921F-B2CDD903694D}.Release|Any CPU.ActiveCfg = Release|Any CPU
		{496C8568-0AFF-43C1-921F-B2CDD903694D}.Release|Any CPU.Build.0 = Release|Any CPU
		{7D0E7FF8-E7B2-4C7E-A563-7ED864C06563}.Debug|Any CPU.ActiveCfg = Debug|Any CPU
		{7D0E7FF8-E7B2-4C7E-A563-7ED864C06563}.Debug|Any CPU.Build.0 = Debug|Any CPU
		{7D0E7FF8-E7B2-4C7E-A563-7ED864C06563}.Release|Any CPU.ActiveCfg = Release|Any CPU
		{7D0E7FF8-E7B2-4C7E-A563-7ED864C06563}.Release|Any CPU.Build.0 = Release|Any CPU
		{0B2F25F8-8093-4D46-ACFC-A80D59548E19}.Debug|Any CPU.ActiveCfg = Debug|Any CPU
		{0B2F25F8-8093-4D46-ACFC-A80D59548E19}.Debug|Any CPU.Build.0 = Debug|Any CPU
		{0B2F25F8-8093-4D46-ACFC-A80D59548E19}.Release|Any CPU.ActiveCfg = Release|Any CPU
		{0B2F25F8-8093-4D46-ACFC-A80D59548E19}.Release|Any CPU.Build.0 = Release|Any CPU
		{4FC59138-8A3B-41BB-9B65-77C388AFBDEA}.Debug|Any CPU.ActiveCfg = Debug|Any CPU
		{4FC59138-8A3B-41BB-9B65-77C388AFBDEA}.Debug|Any CPU.Build.0 = Debug|Any CPU
		{4FC59138-8A3B-41BB-9B65-77C388AFBDEA}.Release|Any CPU.ActiveCfg = Release|Any CPU
		{4FC59138-8A3B-41BB-9B65-77C388AFBDEA}.Release|Any CPU.Build.0 = Release|Any CPU
	EndGlobalSection
	GlobalSection(NestedProjects) = preSolution
		{370C566E-D791-4112-B041-86586AD39158} = {C4995B5D-FBEE-483E-AADA-06154F7DFB56}
		{496C8568-0AFF-43C1-921F-B2CDD903694D} = {C4995B5D-FBEE-483E-AADA-06154F7DFB56}
		{7D0E7FF8-E7B2-4C7E-A563-7ED864C06563} = {C4995B5D-FBEE-483E-AADA-06154F7DFB56}
		{0B2F25F8-8093-4D46-ACFC-A80D59548E19} = {C4995B5D-FBEE-483E-AADA-06154F7DFB56}
		{4FC59138-8A3B-41BB-9B65-77C388AFBDEA} = {C4995B5D-FBEE-483E-AADA-06154F7DFB56}
	EndGlobalSection
EndGlobal
